
Microsoft Visual Studio Solution File, Format Version 12.00
# Visual Studio Version 17
VisualStudioVersion = 17.8.34408.163
MinimumVisualStudioVersion = 10.0.40219.1
Project("{8BC9CEB8-8B4A-11D0-8D11-00A0C91BC942}") = "RocketLeagueBotChat", "RocketLeagueBotChat\RocketLeagueBotChat.vcxproj", "{48D2FCFD-8079-4C99-952C-44C5C456CCE9}"
EndProject
Global
	GlobalSection(SolutionConfigurationPlatforms) = preSolution
		Release|x64 = Release|x64
	EndGlobalSection
	GlobalSection(ProjectConfigurationPlatforms) = postSolution
		{48D2FCFD-8079-4C99-952C-44C5C456CCE9}.Release|x64.ActiveCfg = Release|x64
		{48D2FCFD-8079-4C99-952C-44C5C456CCE9}.Release|x64.Build.0 = Release|x64
	EndGlobalSection
	GlobalSection(SolutionProperties) = preSolution
		HideSolutionNode = FALSE
	EndGlobalSection
	GlobalSection(ExtensibilityGlobals) = postSolution
		SolutionGuid = {D76BEDDA-5800-4348-83D3-B3E2C7497E13}
	EndGlobalSection
EndGlobal
